{"authorization_statement":"I_ACCEPT_LEVEL0_SCIENTIFIC_SPEC","authorized_by":"Kirill","kind":"philosophia-level0-preregistration","max_total_artifact_bytes":26843545600,"runs":{"A-0":{"config_hash":"3285cb04797a4bd19f4a3cc04669e531fc43b49645a459f08e31c2221740a63c","control":"real-label","fixed_updates":40000,"max_artifact_bytes":2147483648,"max_seconds":21600,"split_hash":"b864b16accf8202e5dbe9de566f3e53a0750c07009293fd1eb8763657386177f"},"A-1":{"config_hash":"6dc883734271b42930fd70b244012121b6dfebcabc7356f21a5fe71d2dff1b22","control":"real-label","fixed_updates":40000,"max_artifact_bytes":2147483648,"max_seconds":21600,"split_hash":"c8a754ffcfb699c74d608a2705ffcc0e8efe6d7db3f7fbeba76c7182210946a0"},"A-2":{"config_hash":"76ba3e9c996b2964fb2c1fa280069437a4a343099f1274a3d75398223e34e7a9","control":"real-label","fixed_updates":40000,"max_artifact_bytes":2147483648,"max_seconds":21600,"split_hash":"5005094466718a839f9a18e4fad59395b50fb520a6f96e5c3a2117d5e9f9c932"},"A-3":{"config_hash":"7ea9a87e2fd0a67e9641b5c662c042bd3383246ac43de2b014c1b03a3bbd7679","control":"real-label","fixed_updates":40000,"max_artifact_bytes":2147483648,"max_seconds":21600,"split_hash":"e42cd37232de703cd05db5627403951467c6d6fea269e100b327d18505d35660"},"A-4":{"config_hash":"cbcb33f0963cbc485766d660f4870d00f9e0c7fe3a1d38b84a72757549f1f3cd","control":"real-label","fixed_updates":40000,"max_artifact_bytes":2147483648,"max_seconds":21600,"split_hash":"c4865e9e799434e3711963a356374d50c744df9c05069ca8827139e118d2b0bd"},"B-1":{"config_hash":"208080cc461c3f3d244d91efc8d9a58f6b9c3b919cde09c5917924f05c48c6a4","control":"real-label","fixed_updates":120000,"max_artifact_bytes":4294967296,"max_seconds":64800,"split_hash":"c8a754ffcfb699c74d608a2705ffcc0e8efe6d7db3f7fbeba76c7182210946a0"},"B-2":{"config_hash":"061f2c7eb5020e75e0eaac9bb84f9f134a04f230661ae84ba166154e0f028d7e","control":"real-label","fixed_updates":120000,"max_artifact_bytes":4294967296,"max_seconds":64800,"split_hash":"5005094466718a839f9a18e4fad59395b50fb520a6f96e5c3a2117d5e9f9c932"},"B-3":{"config_hash":"c41ff1c23c601a9f932b071ffa8042a2b456c50a426f11ee95de3912b735b55f","control":"real-label","fixed_updates":120000,"max_artifact_bytes":4294967296,"max_seconds":64800,"split_hash":"e42cd37232de703cd05db5627403951467c6d6fea269e100b327d18505d35660"},"R-0":{"config_hash":"3285cb04797a4bd19f4a3cc04669e531fc43b49645a459f08e31c2221740a63c","control":"random-label","fixed_updates":40000,"max_artifact_bytes":2147483648,"max_seconds":21600,"split_hash":"996fd9846d6e31c398dca8b07d99cd4c60640e48f13f51aea23e756f6c95fe19"}},"schema_version":2,"scientific_spec_sha256":"52a1c21fc38d04c3733f75139b68aca5b43c3b2770eb732f079620ca7847cfda","source_commit":"4dbd3b1a7720cdfb271c2a76146b50f7c3796d38","source_hashes":{"experiments/level_0_grokking/ANCHOR_CLAIMS.md":"ecdef382a523dc7010e9ef7e27462569cb7578415210218d22b7f93b50877d35","experiments/level_0_grokking/SCIENTIFIC_SPEC.json":"52a1c21fc38d04c3733f75139b68aca5b43c3b2770eb732f079620ca7847cfda","scripts/level0_create_lock.py":"21e8480876c2ae2aad8bfcf8d6d532bad934528339ed319a44eb9f82d88c4496","scripts/level0_evaluate_battery.py":"81f28984ac9589fb93471e808679cd1065cf5db82f27159c3ff76acda3f7b7aa","scripts/level0_run_outcome.py":"8f2baf20bebca198f491c4c0d8ab180c39017ade1e3fc205f3dee39a661a5799","scripts/level0_verify_decision.py":"9edf375fdb5279b3a44ceb48addfbaa3a8ad216fb3765b913f259efb30eec68c","scripts/verify_all.py":"991d8386d5765d775fafd56cc119b2ad3704af04e1c4e01b90b4ea9610515c24","src/philosophia/level0/checkpoint.py":"dc553538016210561afe7649d66ca9dc29031d01544bafecc6cc21d0b1bde0bb","src/philosophia/level0/config.py":"fbda820b5f919f47b0bb63a51285bb582a0434368e0bf411b79618cf799f3e4f","src/philosophia/level0/data.py":"1e0a64bddb932d71c47f5c056bf0a7976d5e407a08fb26dbb8c939061b67b715","src/philosophia/level0/decision_verifier.py":"3d444ca3c86bc41ca8b2d21aa2ae432613692bb1109278a50c71aee24a4ba2e3","src/philosophia/level0/fourier.py":"8fc54322fd31f169e8eb925d551fa52c52d1f35392320f499d9d8ffe67e74daa","src/philosophia/level0/interlock.py":"1deba3ac16a906a9f8a696eb9652decea0e5dd00b0a94c4f0e365a8849b4b62e","src/philosophia/level0/metrics.py":"3a4dab08e1456ea376a798709b2ad11da23dde0bfb89f03f5a9403d577fb1b2d","src/philosophia/level0/model.py":"b42a8f9f5c4081a112a6f3c032f9e3433966a22c2e1e2e50e72ddf07381d7b05","src/philosophia/level0/outcome.py":"7140e06c0230085abdcceaf85647afe3e105a4301c810ef88764df34127a8974","src/philosophia/level0/outcome_evaluator.py":"9ffd78d3608de639f530b7bab403197c8c9e347c0f76b067925795fa33182094","src/philosophia/level0/scientific_spec.py":"6f26cc20a572793976983b5b4e8d84743e1ebd73e58436d9cbecbf6364de0409","src/philosophia/level0/train.py":"363c689025e8a5dfac7e8188e9a60fc260552787bd73c1df8fb1975dbdcfa2f1"},"status":"locked"}
